
Microsoft Visual Studio Solution File, Format Version 12.00
# Visual Studio Version 17
VisualStudioVersion = 17.11.35312.102
MinimumVisualStudioVersion = 10.0.40219.1
Project("{FAE04EC0-301F-11D3-BF4B-00C04F79EFBC}") = "Abstraction_Program_in_C#", "Abstraction_Program_in_C#.csproj", "{1BCD83A6-DFC3-4A1C-9D46-1C87D9F21E11}"
EndProject
Global
	GlobalSection(SolutionConfigurationPlatforms) = preSolution
		Debug|Any CPU = Debug|Any CPU
		Release|Any CPU = Release|Any CPU
	EndGlobalSection
	GlobalSection(ProjectConfigurationPlatforms) = postSolution
		{1BCD83A6-DFC3-4A1C-9D46-1C87D9F21E11}.Debug|Any CPU.ActiveCfg = Debug|Any CPU
		{1BCD83A6-DFC3-4A1C-9D46-1C87D9F21E11}.Debug|Any CPU.Build.0 = Debug|Any CPU
		{1BCD83A6-DFC3-4A1C-9D46-1C87D9F21E11}.Release|Any CPU.ActiveCfg = Release|Any CPU
		{1BCD83A6-DFC3-4A1C-9D46-1C87D9F21E11}.Release|Any CPU.Build.0 = Release|Any CPU
	EndGlobalSection
	GlobalSection(SolutionProperties) = preSolution
		HideSolutionNode = FALSE
	EndGlobalSection
	GlobalSection(ExtensibilityGlobals) = postSolution
		SolutionGuid = {2005A18B-DE6F-451C-BDDE-96D04D3C34A4}
	EndGlobalSection
EndGlobal
