
Microsoft Visual Studio Solution File, Format Version 12.00
# Visual Studio Version 17
VisualStudioVersion = 17.11.35312.102
MinimumVisualStudioVersion = 10.0.40219.1
Project("{FAE04EC0-301F-11D3-BF4B-00C04F79EFBC}") = "Inheritance_Practice", "Inheritance_Practice\Inheritance_Practice.csproj", "{8B04B3D9-A9D4-4861-B22D-0FD62E497547}"
EndProject
Global
	GlobalSection(SolutionConfigurationPlatforms) = preSolution
		Debug|Any CPU = Debug|Any CPU
		Release|Any CPU = Release|Any CPU
	EndGlobalSection
	GlobalSection(ProjectConfigurationPlatforms) = postSolution
		{8B04B3D9-A9D4-4861-B22D-0FD62E497547}.Debug|Any CPU.ActiveCfg = Debug|Any CPU
		{8B04B3D9-A9D4-4861-B22D-0FD62E497547}.Debug|Any CPU.Build.0 = Debug|Any CPU
		{8B04B3D9-A9D4-4861-B22D-0FD62E497547}.Release|Any CPU.ActiveCfg = Release|Any CPU
		{8B04B3D9-A9D4-4861-B22D-0FD62E497547}.Release|Any CPU.Build.0 = Release|Any CPU
	EndGlobalSection
	GlobalSection(SolutionProperties) = preSolution
		HideSolutionNode = FALSE
	EndGlobalSection
	GlobalSection(ExtensibilityGlobals) = postSolution
		SolutionGuid = {3C380965-D13C-418D-AAAE-C81266867C88}
	EndGlobalSection
EndGlobal
