
Microsoft Visual Studio Solution File, Format Version 12.00
# Visual Studio Version 17
VisualStudioVersion = 17.9.34714.143
MinimumVisualStudioVersion = 10.0.40219.1
Project("{FAE04EC0-301F-11D3-BF4B-00C04F79EFBC}") = "Update_txtfile_in_c#", "Update_txtfile_in_c#\Update_txtfile_in_c#.csproj", "{109603EE-6AAF-4888-A8E2-B314D11C4BC6}"
EndProject
Global
	GlobalSection(SolutionConfigurationPlatforms) = preSolution
		Debug|Any CPU = Debug|Any CPU
		Release|Any CPU = Release|Any CPU
	EndGlobalSection
	GlobalSection(ProjectConfigurationPlatforms) = postSolution
		{109603EE-6AAF-4888-A8E2-B314D11C4BC6}.Debug|Any CPU.ActiveCfg = Debug|Any CPU
		{109603EE-6AAF-4888-A8E2-B314D11C4BC6}.Debug|Any CPU.Build.0 = Debug|Any CPU
		{109603EE-6AAF-4888-A8E2-B314D11C4BC6}.Release|Any CPU.ActiveCfg = Release|Any CPU
		{109603EE-6AAF-4888-A8E2-B314D11C4BC6}.Release|Any CPU.Build.0 = Release|Any CPU
	EndGlobalSection
	GlobalSection(SolutionProperties) = preSolution
		HideSolutionNode = FALSE
	EndGlobalSection
	GlobalSection(ExtensibilityGlobals) = postSolution
		SolutionGuid = {0020279A-D9E8-4644-9D22-E3F1962016B3}
	EndGlobalSection
EndGlobal
