
Microsoft Visual Studio Solution File, Format Version 12.00
# Visual Studio Version 17
VisualStudioVersion = 17.9.34714.143
MinimumVisualStudioVersion = 10.0.40219.1
Project("{FAE04EC0-301F-11D3-BF4B-00C04F79EFBC}") = "Table_Program", "Table_Program\Table_Program.csproj", "{6C7BA3AE-4261-48DC-A1BD-67852A680ACC}"
EndProject
Global
	GlobalSection(SolutionConfigurationPlatforms) = preSolution
		Debug|Any CPU = Debug|Any CPU
		Release|Any CPU = Release|Any CPU
	EndGlobalSection
	GlobalSection(ProjectConfigurationPlatforms) = postSolution
		{6C7BA3AE-4261-48DC-A1BD-67852A680ACC}.Debug|Any CPU.ActiveCfg = Debug|Any CPU
		{6C7BA3AE-4261-48DC-A1BD-67852A680ACC}.Debug|Any CPU.Build.0 = Debug|Any CPU
		{6C7BA3AE-4261-48DC-A1BD-67852A680ACC}.Release|Any CPU.ActiveCfg = Release|Any CPU
		{6C7BA3AE-4261-48DC-A1BD-67852A680ACC}.Release|Any CPU.Build.0 = Release|Any CPU
	EndGlobalSection
	GlobalSection(SolutionProperties) = preSolution
		HideSolutionNode = FALSE
	EndGlobalSection
	GlobalSection(ExtensibilityGlobals) = postSolution
		SolutionGuid = {99CD97B8-9559-4957-9E6A-D8CB382A9982}
	EndGlobalSection
EndGlobal
