
Microsoft Visual Studio Solution File, Format Version 12.00
# Visual Studio Version 17
VisualStudioVersion = 17.9.34714.143
MinimumVisualStudioVersion = 10.0.40219.1
Project("{FAE04EC0-301F-11D3-BF4B-00C04F79EFBC}") = "User_Input_Table", "User_Input_Table\User_Input_Table.csproj", "{579B6912-531C-4E04-9681-539693BE1705}"
EndProject
Global
	GlobalSection(SolutionConfigurationPlatforms) = preSolution
		Debug|Any CPU = Debug|Any CPU
		Release|Any CPU = Release|Any CPU
	EndGlobalSection
	GlobalSection(ProjectConfigurationPlatforms) = postSolution
		{579B6912-531C-4E04-9681-539693BE1705}.Debug|Any CPU.ActiveCfg = Debug|Any CPU
		{579B6912-531C-4E04-9681-539693BE1705}.Debug|Any CPU.Build.0 = Debug|Any CPU
		{579B6912-531C-4E04-9681-539693BE1705}.Release|Any CPU.ActiveCfg = Release|Any CPU
		{579B6912-531C-4E04-9681-539693BE1705}.Release|Any CPU.Build.0 = Release|Any CPU
	EndGlobalSection
	GlobalSection(SolutionProperties) = preSolution
		HideSolutionNode = FALSE
	EndGlobalSection
	GlobalSection(ExtensibilityGlobals) = postSolution
		SolutionGuid = {30C45ACE-DC13-45EE-AE6A-3004A08F3B72}
	EndGlobalSection
EndGlobal
