
Microsoft Visual Studio Solution File, Format Version 12.00
# Visual Studio Version 17
VisualStudioVersion = 17.9.34714.143
MinimumVisualStudioVersion = 10.0.40219.1
Project("{FAE04EC0-301F-11D3-BF4B-00C04F79EFBC}") = "DeleteDatafrom_txtfile_in_C#", "DeleteDatafrom_txtfile_in_C#\DeleteDatafrom_txtfile_in_C#.csproj", "{30C18982-3974-4936-B2C1-3CE2FE3029DE}"
EndProject
Global
	GlobalSection(SolutionConfigurationPlatforms) = preSolution
		Debug|Any CPU = Debug|Any CPU
		Release|Any CPU = Release|Any CPU
	EndGlobalSection
	GlobalSection(ProjectConfigurationPlatforms) = postSolution
		{30C18982-3974-4936-B2C1-3CE2FE3029DE}.Debug|Any CPU.ActiveCfg = Debug|Any CPU
		{30C18982-3974-4936-B2C1-3CE2FE3029DE}.Debug|Any CPU.Build.0 = Debug|Any CPU
		{30C18982-3974-4936-B2C1-3CE2FE3029DE}.Release|Any CPU.ActiveCfg = Release|Any CPU
		{30C18982-3974-4936-B2C1-3CE2FE3029DE}.Release|Any CPU.Build.0 = Release|Any CPU
	EndGlobalSection
	GlobalSection(SolutionProperties) = preSolution
		HideSolutionNode = FALSE
	EndGlobalSection
	GlobalSection(ExtensibilityGlobals) = postSolution
		SolutionGuid = {3EFB468C-B815-4EDE-97BF-867C8D7C0F45}
	EndGlobalSection
EndGlobal
